
Microsoft Visual Studio Solution File, Format Version 12.00
# Visual Studio Version 17
VisualStudioVersion = 17.6.33927.249
MinimumVisualStudioVersion = 10.0.40219.1
Project("{FAE04EC0-301F-11D3-BF4B-00C04F79EFBC}") = "ADO.Net", "ADO.Net.csproj", "{4924F631-0079-4261-9C62-76CA70CF4BC0}"
EndProject
Global
	GlobalSection(SolutionConfigurationPlatforms) = preSolution
		Debug|Any CPU = Debug|Any CPU
		Release|Any CPU = Release|Any CPU
	EndGlobalSection
	GlobalSection(ProjectConfigurationPlatforms) = postSolution
		{4924F631-0079-4261-9C62-76CA70CF4BC0}.Debug|Any CPU.ActiveCfg = Debug|Any CPU
		{4924F631-0079-4261-9C62-76CA70CF4BC0}.Debug|Any CPU.Build.0 = Debug|Any CPU
		{4924F631-0079-4261-9C62-76CA70CF4BC0}.Release|Any CPU.ActiveCfg = Release|Any CPU
		{4924F631-0079-4261-9C62-76CA70CF4BC0}.Release|Any CPU.Build.0 = Release|Any CPU
	EndGlobalSection
	GlobalSection(SolutionProperties) = preSolution
		HideSolutionNode = FALSE
	EndGlobalSection
	GlobalSection(ExtensibilityGlobals) = postSolution
		SolutionGuid = {75B3A056-978F-4F60-A31B-B22A22D3A082}
	EndGlobalSection
EndGlobal
